{
    "version": 3,
    "terraform_version": "0.11.0",
    "serial": 3,
    "lineage": "a41f7098-ec71-4a05-93a6-a829632ec437",
    "modules": [
        {
            "path": [
                "root"
            ],
            "outputs": {},
            "resources": {
                "aws_iam_group.admins": {
                    "type": "aws_iam_group",
                    "depends_on": [],
                    "primary": {
                        "id": "admins",
                        "attributes": {
                            "arn": "arn:aws:iam::489175270805:group/admins",
                            "id": "admins",
                            "name": "admins",
                            "path": "/",
                            "unique_id": "AGPAJYSYQ37DLNFUZCAUQ"
                        },
                        "meta": {},
                        "tainted": false
                    },
                    "deposed": [],
                    "provider": "provider.aws"
                },
                "aws_iam_group_membership.admin_group_membership": {
                    "type": "aws_iam_group_membership",
                    "depends_on": [
                        "aws_iam_group.admins"
                    ],
                    "primary": {
                        "id": "admin_group_membership",
                        "attributes": {
                            "group": "admins",
                            "id": "admin_group_membership",
                            "name": "admin_group_membership",
                            "users.#": "1",
                            "users.4110579462": "abedra"
                        },
                        "meta": {},
                        "tainted": false
                    },
                    "deposed": [],
                    "provider": "provider.aws"
                },
                "aws_iam_policy_attachment.admin_policy_attachment": {
                    "type": "aws_iam_policy_attachment",
                    "depends_on": [
                        "aws_iam_group.admins",
                        "aws_iam_role.admin"
                    ],
                    "primary": {
                        "id": "admin_policy_attachment",
                        "attributes": {
                            "groups.#": "2",
                            "groups.2732594447": "admins",
                            "groups.3074709712": "SuperAdmin",
                            "id": "admin_policy_attachment",
                            "name": "admin_policy_attachment",
                            "policy_arn": "arn:aws:iam::aws:policy/AdministratorAccess",
                            "roles.#": "1",
                            "roles.2282622326": "admin",
                            "users.#": "0"
                        },
                        "meta": {},
                        "tainted": false
                    },
                    "deposed": [],
                    "provider": "provider.aws"
                },
                "aws_iam_policy_attachment.read_only_policy_attachment": {
                    "type": "aws_iam_policy_attachment",
                    "depends_on": [
                        "aws_iam_role.read_only"
                    ],
                    "primary": {
                        "id": "read_only_policy_attachment",
                        "attributes": {
                            "groups.#": "0",
                            "id": "read_only_policy_attachment",
                            "name": "read_only_policy_attachment",
                            "policy_arn": "arn:aws:iam::aws:policy/ReadOnlyAccess",
                            "roles.#": "1",
                            "roles.1697509225": "read_only",
                            "users.#": "0"
                        },
                        "meta": {},
                        "tainted": false
                    },
                    "deposed": [],
                    "provider": "provider.aws"
                },
                "aws_iam_role.admin": {
                    "type": "aws_iam_role",
                    "depends_on": [
                        "data.aws_caller_identity.current"
                    ],
                    "primary": {
                        "id": "admin",
                        "attributes": {
                            "arn": "arn:aws:iam::489175270805:role/admin",
                            "assume_role_policy": "{\"Version\":\"2012-10-17\",\"Statement\":[{\"Sid\":\"\",\"Effect\":\"Allow\",\"Principal\":{\"AWS\":\"arn:aws:iam::489175270805:root\"},\"Action\":\"sts:AssumeRole\",\"Condition\":{\"Bool\":{\"aws:MultifactorAuthPresent\":\"true\"}}}]}",
                            "create_date": "2017-11-23T15:34:48Z",
                            "description": "Administrator Access",
                            "force_detach_policies": "false",
                            "id": "admin",
                            "name": "admin",
                            "path": "/",
                            "unique_id": "AROAI6VOB7TATJHOTOFUG"
                        },
                        "meta": {},
                        "tainted": false
                    },
                    "deposed": [],
                    "provider": "provider.aws"
                },
                "aws_iam_role.read_only": {
                    "type": "aws_iam_role",
                    "depends_on": [
                        "data.aws_caller_identity.current"
                    ],
                    "primary": {
                        "id": "read_only",
                        "attributes": {
                            "arn": "arn:aws:iam::489175270805:role/read_only",
                            "assume_role_policy": "{\"Version\":\"2012-10-17\",\"Statement\":[{\"Sid\":\"\",\"Effect\":\"Allow\",\"Principal\":{\"AWS\":\"arn:aws:iam::489175270805:root\"},\"Action\":\"sts:AssumeRole\",\"Condition\":{\"Bool\":{\"aws:MultifactorAuthPresent\":\"true\"}}}]}",
                            "create_date": "2017-11-23T15:34:48Z",
                            "description": "ReadOnly Access",
                            "force_detach_policies": "false",
                            "id": "read_only",
                            "name": "read_only",
                            "path": "/",
                            "unique_id": "AROAJY7KEQAHXAWQF3MCS"
                        },
                        "meta": {},
                        "tainted": false
                    },
                    "deposed": [],
                    "provider": "provider.aws"
                },
                "data.aws_caller_identity.current": {
                    "type": "aws_caller_identity",
                    "depends_on": [],
                    "primary": {
                        "id": "2017-11-23 15:34:44.109801 +0000 UTC",
                        "attributes": {
                            "account_id": "489175270805",
                            "arn": "arn:aws:iam::489175270805:user/abedra",
                            "id": "2017-11-23 15:34:44.109801 +0000 UTC",
                            "user_id": "AIDAJK5WB6LAVYZBRVRRC"
                        },
                        "meta": {},
                        "tainted": false
                    },
                    "deposed": [],
                    "provider": "provider.aws"
                }
            },
            "depends_on": []
        }
    ]
}
