{
    "version": 3,
    "terraform_version": "0.11.0",
    "serial": 2,
    "lineage": "7097f314-eb2a-47a8-a8d8-6c2572694d6f",
    "modules": [
        {
            "path": [
                "root"
            ],
            "outputs": {},
            "resources": {
                "aws_s3_bucket.abedra-yow-tfstate": {
                    "type": "aws_s3_bucket",
                    "depends_on": [],
                    "primary": {
                        "id": "abedra-yow-tfstate",
                        "attributes": {
                            "acceleration_status": "",
                            "acl": "private",
                            "arn": "arn:aws:s3:::abedra-yow-tfstate",
                            "bucket": "abedra-yow-tfstate",
                            "bucket_domain_name": "abedra-yow-tfstate.s3.amazonaws.com",
                            "force_destroy": "false",
                            "hosted_zone_id": "Z1WCIGYICN2BYD",
                            "id": "abedra-yow-tfstate",
                            "logging.#": "0",
                            "region": "ap-southeast-2",
                            "request_payer": "BucketOwner",
                            "tags.%": "0",
                            "versioning.#": "1",
                            "versioning.0.enabled": "true",
                            "versioning.0.mfa_delete": "false",
                            "website.#": "0"
                        },
                        "meta": {},
                        "tainted": false
                    },
                    "deposed": [],
                    "provider": "provider.aws"
                }
            },
            "depends_on": []
        }
    ]
}
